
Microsoft Visual Studio Solution File, Format Version 12.00
# Visual Studio Version 16
VisualStudioVersion = 16.0.31313.79
MinimumVisualStudioVersion = 10.0.40219.1
Project("{FAE04EC0-301F-11D3-BF4B-00C04F79EFBC}") = "ProjetoTesteXUnit", "ProjetoTesteXUnit\ProjetoTesteXUnit.csproj", "{4DC617A4-7F1E-4BE4-AD7B-1F5C385FFDCD}"
EndProject
Global
	GlobalSection(SolutionConfigurationPlatforms) = preSolution
		Debug|Any CPU = Debug|Any CPU
		Release|Any CPU = Release|Any CPU
	EndGlobalSection
	GlobalSection(ProjectConfigurationPlatforms) = postSolution
		{4DC617A4-7F1E-4BE4-AD7B-1F5C385FFDCD}.Debug|Any CPU.ActiveCfg = Debug|Any CPU
		{4DC617A4-7F1E-4BE4-AD7B-1F5C385FFDCD}.Debug|Any CPU.Build.0 = Debug|Any CPU
		{4DC617A4-7F1E-4BE4-AD7B-1F5C385FFDCD}.Release|Any CPU.ActiveCfg = Release|Any CPU
		{4DC617A4-7F1E-4BE4-AD7B-1F5C385FFDCD}.Release|Any CPU.Build.0 = Release|Any CPU
	EndGlobalSection
	GlobalSection(SolutionProperties) = preSolution
		HideSolutionNode = FALSE
	EndGlobalSection
	GlobalSection(ExtensibilityGlobals) = postSolution
		SolutionGuid = {60765B4A-09C7-4A74-A4E6-1667B49E4B84}
	EndGlobalSection
EndGlobal
